
Microsoft Visual Studio Solution File, Format Version 12.00
# Visual Studio Version 17
VisualStudioVersion = 17.9.34701.34
MinimumVisualStudioVersion = 10.0.40219.1
Project("{9A19103F-16F7-4668-BE54-9A1E7A4F7556}") = "LenaAlgorithmProject", "ConsoleApp2\LenaAlgorithmProject.csproj", "{A25F90B3-9D3A-4BDD-8E3F-620B7C818564}"
EndProject
Global
	GlobalSection(SolutionConfigurationPlatforms) = preSolution
		Debug|Any CPU = Debug|Any CPU
		Release|Any CPU = Release|Any CPU
	EndGlobalSection
	GlobalSection(ProjectConfigurationPlatforms) = postSolution
		{A25F90B3-9D3A-4BDD-8E3F-620B7C818564}.Debug|Any CPU.ActiveCfg = Debug|Any CPU
		{A25F90B3-9D3A-4BDD-8E3F-620B7C818564}.Debug|Any CPU.Build.0 = Debug|Any CPU
		{A25F90B3-9D3A-4BDD-8E3F-620B7C818564}.Release|Any CPU.ActiveCfg = Release|Any CPU
		{A25F90B3-9D3A-4BDD-8E3F-620B7C818564}.Release|Any CPU.Build.0 = Release|Any CPU
	EndGlobalSection
	GlobalSection(SolutionProperties) = preSolution
		HideSolutionNode = FALSE
	EndGlobalSection
	GlobalSection(ExtensibilityGlobals) = postSolution
		SolutionGuid = {6968608D-A260-48A8-A636-BD99B3911917}
	EndGlobalSection
EndGlobal
